<?xml version="1.0" encoding="utf-8"?>
<Project ToolsVersion="4.0" xmlns="http://schemas.microsoft.com/developer/msbuild/2003">
  <!-- Filter Definitions -->
  <ItemGroup>
    <Filter Include="Source Files">
      <UniqueIdentifier>{4FC737F1-C7A5-4376-A066-2A32D752A2FF}</UniqueIdentifier>
      <Extensions>cpp;c;cc;cxx;c++;cppm;ixx;def;odl;idl;hpj;bat;asm;asmx</Extensions>
    </Filter>
    <Filter Include="Legacy">
      <UniqueIdentifier>{5e90617d-f51e-4924-bbc8-cc10110f546e}</UniqueIdentifier>
    </Filter>
    <Filter Include="src">
      <UniqueIdentifier>{93995380-89BD-4b04-88EB-625FBE52EBFB}</UniqueIdentifier>
    </Filter>
    <Filter Include="src\core">
      <UniqueIdentifier>{a1b2c3d4-e5f6-7890-abcd-ef1234567890}</UniqueIdentifier>
    </Filter>
    <Filter Include="src\sdk">
      <UniqueIdentifier>{b2c3d4e5-f6a7-8901-bcde-f12345678901}</UniqueIdentifier>
    </Filter>
    <Filter Include="src\config">
      <UniqueIdentifier>{c3d4e5f6-a7b8-9012-cdef-123456789012}</UniqueIdentifier>
    </Filter>
    <Filter Include="src\features">
      <UniqueIdentifier>{d4e5f6a7-b8c9-0123-defa-234567890123}</UniqueIdentifier>
    </Filter>
    <Filter Include="src\gui">
      <UniqueIdentifier>{e5f6a7b8-c9d0-1234-efab-345678901234}</UniqueIdentifier>
    </Filter>
  </ItemGroup>

  <!-- Legacy Header Files -->
  <ItemGroup>
    <ClInclude Include="includes.h">
      <Filter>Legacy</Filter>
    </ClInclude>
    <ClInclude Include="game_miscs.h">
      <Filter>Legacy</Filter>
    </ClInclude>
    <ClInclude Include="sdk.h">
      <Filter>Legacy</Filter>
    </ClInclude>
    <ClInclude Include="memory.h">
      <Filter>Legacy</Filter>
    </ClInclude>
    <ClInclude Include="ZeroGUI.h">
      <Filter>Legacy</Filter>
    </ClInclude>
    <ClInclude Include="importer.hpp">
      <Filter>Legacy</Filter>
    </ClInclude>
    <ClInclude Include="render.h">
      <Filter>Legacy</Filter>
    </ClInclude>
    <ClInclude Include="settings.h">
      <Filter>Legacy</Filter>
    </ClInclude>
    <ClInclude Include="hooking.h">
      <Filter>Legacy</Filter>
    </ClInclude>
  </ItemGroup>

  <!-- Core -->
  <ItemGroup>
    <ClInclude Include="src\core\console.h">
      <Filter>src\core</Filter>
    </ClInclude>
    <ClInclude Include="src\core\memory.h">
      <Filter>src\core</Filter>
    </ClInclude>
    <ClInclude Include="src\core\hooks.h">
      <Filter>src\core</Filter>
    </ClInclude>
    <ClInclude Include="src\core\module.h">
      <Filter>src\core</Filter>
    </ClInclude>
  </ItemGroup>

  <!-- SDK -->
  <ItemGroup>
    <ClInclude Include="src\sdk\offsets.h">
      <Filter>src\sdk</Filter>
    </ClInclude>
    <ClInclude Include="src\sdk\math.h">
      <Filter>src\sdk</Filter>
    </ClInclude>
    <ClInclude Include="src\sdk\ue_types.h">
      <Filter>src\sdk</Filter>
    </ClInclude>
    <ClInclude Include="src\sdk\sdk.h">
      <Filter>src\sdk</Filter>
    </ClInclude>
  </ItemGroup>

  <!-- Config -->
  <ItemGroup>
    <ClInclude Include="src\config\settings.h">
      <Filter>src\config</Filter>
    </ClInclude>
  </ItemGroup>

  <!-- Features -->
  <ItemGroup>
    <ClInclude Include="src\features\aimbot.h">
      <Filter>src\features</Filter>
    </ClInclude>
    <ClInclude Include="src\features\esp.h">
      <Filter>src\features</Filter>
    </ClInclude>
    <ClInclude Include="src\features\radar.h">
      <Filter>src\features</Filter>
    </ClInclude>
  </ItemGroup>

  <!-- GUI -->
  <ItemGroup>
    <ClInclude Include="src\gui\menu.h">
      <Filter>src\gui</Filter>
    </ClInclude>
    <ClInclude Include="src\gui\render.h">
      <Filter>src\gui</Filter>
    </ClInclude>
    <ClInclude Include="src\gui\zerogui.h">
      <Filter>src\gui</Filter>
    </ClInclude>
  </ItemGroup>

  <!-- Main -->
  <ItemGroup>
    <ClInclude Include="src\includes.h">
      <Filter>src</Filter>
    </ClInclude>
    <ClInclude Include="src\main.h">
      <Filter>src</Filter>
    </ClInclude>
  </ItemGroup>

  <!-- Source Files -->
  <ItemGroup>
    <ClCompile Include="dllmain.cpp">
      <Filter>Source Files</Filter>
    </ClCompile>
  </ItemGroup>

  <!-- Assembly Files -->
  <ItemGroup>
    <MASM Include="NtUserSendInput.asm">
      <Filter>Source Files</Filter>
    </MASM>
  </ItemGroup>
</Project>
